<?xml version="1.0" encoding="utf-8"?>
<Project ToolsVersion="4.0" xmlns="http://schemas.microsoft.com/developer/msbuild/2003">
  <ItemGroup>
    <ClCompile Include="Bullet.cpp">
      <Filter>Header Files\GameSource\Bullet</Filter>
    </ClCompile>
    <ClCompile Include="Animations.cpp">
      <Filter>Header Files\Framework\Render</Filter>
    </ClCompile>
    <ClCompile Include="define.cpp">
      <Filter>Header Files\Framework</Filter>
    </ClCompile>
    <ClCompile Include="Camera.cpp">
      <Filter>Header Files\Framework</Filter>
    </ClCompile>
    <ClCompile Include="Entity.cpp">
      <Filter>Header Files\Framework</Filter>
    </ClCompile>
    <ClCompile Include="Game.cpp">
      <Filter>Header Files\Framework</Filter>
    </ClCompile>
    <ClCompile Include="debug.cpp">
      <Filter>Header Files\Framework</Filter>
    </ClCompile>
    <ClCompile Include="Timer.cpp">
      <Filter>Header Files\Framework</Filter>
    </ClCompile>
    <ClCompile Include="Textures.cpp">
      <Filter>Header Files\Framework\Render</Filter>
    </ClCompile>
    <ClCompile Include="Sprites.cpp">
      <Filter>Header Files\Framework\Render</Filter>
    </ClCompile>
    <ClCompile Include="Item.cpp">
      <Filter>Header Files\GameSource\Item</Filter>
    </ClCompile>
    <ClCompile Include="Enemy.cpp">
      <Filter>Header Files\GameSource\Object\Enemy</Filter>
    </ClCompile>
    <ClCompile Include="PlayScene.cpp">
      <Filter>Header Files\GameSource\Scene</Filter>
    </ClCompile>
    <ClCompile Include="Scene.cpp">
      <Filter>Header Files\GameSource\Scene</Filter>
    </ClCompile>
    <ClCompile Include="SceneManager.cpp">
      <Filter>Header Files\GameSource\Scene</Filter>
    </ClCompile>
    <ClCompile Include="Player.cpp">
      <Filter>Header Files\GameSource\Object\Player</Filter>
    </ClCompile>
    <ClCompile Include="Brick.cpp">
      <Filter>Header Files\GameSource\Object\Obstacle</Filter>
    </ClCompile>
    <ClCompile Include="Gate.cpp">
      <Filter>Header Files\GameSource\Object\Obstacle</Filter>
    </ClCompile>
    <ClCompile Include="main.cpp">
      <Filter>Source Files</Filter>
    </ClCompile>
    <ClCompile Include="TileMap.cpp">
      <Filter>Header Files\Framework\Render</Filter>
    </ClCompile>
    <ClCompile Include="Gunner.cpp">
      <Filter>Header Files\Bin</Filter>
    </ClCompile>
    <ClCompile Include="Golem.cpp">
      <Filter>Header Files\Bin</Filter>
    </ClCompile>
    <ClCompile Include="Domes.cpp">
      <Filter>Header Files\Bin</Filter>
    </ClCompile>
    <ClCompile Include="Centipede.cpp">
      <Filter>Header Files\Bin</Filter>
    </ClCompile>
    <ClCompile Include="PowerUp.cpp">
      <Filter>Header Files\Bin</Filter>
    </ClCompile>
    <ClCompile Include="GunUp.cpp">
      <Filter>Header Files\Bin</Filter>
    </ClCompile>
    <ClCompile Include="HealthBar.cpp">
      <Filter>Header Files\Bin</Filter>
    </ClCompile>
    <ClCompile Include="ElectricBullet.cpp">
      <Filter>Header Files\Bin</Filter>
    </ClCompile>
    <ClCompile Include="CBrick.cpp">
      <Filter>Header Files\GameSource\Object\Obstacle</Filter>
    </ClCompile>
    <ClCompile Include="Coin.cpp">
      <Filter>Header Files\GameSource\Object\Obstacle</Filter>
    </ClCompile>
    <ClCompile Include="Koopa.cpp">
      <Filter>Header Files\GameSource\Object\Enemy</Filter>
    </ClCompile>
    <ClCompile Include="Goomba.cpp">
      <Filter>Header Files\GameSource\Object\Enemy</Filter>
    </ClCompile>
    <ClCompile Include="Mushroom.cpp">
      <Filter>Header Files\GameSource\Item</Filter>
    </ClCompile>
    <ClCompile Include="Leaf.cpp">
      <Filter>Header Files\GameSource\Item</Filter>
    </ClCompile>
    <ClCompile Include="Venus.cpp">
      <Filter>Header Files\GameSource\Object\Enemy</Filter>
    </ClCompile>
    <ClCompile Include="MarioBullet.cpp">
      <Filter>Header Files\GameSource\Bullet</Filter>
    </ClCompile>
    <ClCompile Include="RaccoonTail.cpp">
      <Filter>Header Files\GameSource\Object\Player</Filter>
    </ClCompile>
    <ClCompile Include="VenusNoFire.cpp">
      <Filter>Header Files\GameSource\Object\Enemy</Filter>
    </ClCompile>
    <ClCompile Include="VenusBullet.cpp">
      <Filter>Header Files\GameSource\Object\Enemy</Filter>
    </ClCompile>
    <ClCompile Include="Money.cpp">
      <Filter>Header Files\GameSource\Item</Filter>
    </ClCompile>
    <ClCompile Include="BrokenBrick.cpp">
      <Filter>Header Files\GameSource\Object\Obstacle</Filter>
    </ClCompile>
    <ClCompile Include="EffectBrick.cpp">
      <Filter>Header Files\GameSource\Object\Obstacle</Filter>
    </ClCompile>
    <ClCompile Include="Point.cpp">
      <Filter>Header Files\GameSource\Object\Obstacle</Filter>
    </ClCompile>
    <ClCompile Include="HUD.cpp">
      <Filter>Header Files\GameSource\HUD</Filter>
    </ClCompile>
    <ClCompile Include="BrickStand.cpp">
      <Filter>Header Files\GameSource\Object\Obstacle</Filter>
    </ClCompile>
    <ClCompile Include="P.cpp">
      <Filter>Header Files\GameSource\Item</Filter>
    </ClCompile>
    <ClCompile Include="Pipe.cpp">
      <Filter>Header Files\GameSource\Object\Obstacle</Filter>
    </ClCompile>
    <ClCompile Include="MushGreen.cpp">
      <Filter>Header Files\GameSource\Item</Filter>
    </ClCompile>
    <ClCompile Include="Cactus.cpp">
      <Filter>Header Files\GameSource\Scene\WorldMap</Filter>
    </ClCompile>
    <ClCompile Include="HammerBrother.cpp">
      <Filter>Header Files\GameSource\Scene\WorldMap</Filter>
    </ClCompile>
    <ClCompile Include="WorldScene.cpp">
      <Filter>Header Files\GameSource\Scene\WorldMap</Filter>
    </ClCompile>
    <ClCompile Include="WorldMapMario.cpp">
      <Filter>Header Files\GameSource\Scene\WorldMap</Filter>
    </ClCompile>
    <ClCompile Include="SpeechBubble.cpp">
      <Filter>Header Files\GameSource\Scene\WorldMap</Filter>
    </ClCompile>
    <ClCompile Include="IntroScene.cpp">
      <Filter>Header Files\GameSource\Scene</Filter>
    </ClCompile>
    <ClCompile Include="AnimationIntro.cpp">
      <Filter>Header Files\GameSource\Scene</Filter>
    </ClCompile>
    <ClCompile Include="EndScene.cpp">
      <Filter>Header Files\GameSource\Object\Obstacle</Filter>
    </ClCompile>
    <ClCompile Include="BrickMove.cpp">
      <Filter>Header Files\GameSource\Object\Obstacle</Filter>
    </ClCompile>
    <ClCompile Include="KoopaBullet.cpp">
      <Filter>Header Files\GameSource\Object\Enemy</Filter>
    </ClCompile>
    <ClCompile Include="CBrickV2.cpp">
      <Filter>Header Files\GameSource\Object\Obstacle</Filter>
    </ClCompile>
    <ClCompile Include="Grid.cpp" />
    <ClCompile Include="KoopaFly.cpp">
      <Filter>Header Files\GameSource\Object\Enemy</Filter>
    </ClCompile>
    <ClCompile Include="BulletKoopa.cpp">
      <Filter>Header Files\GameSource\Bullet</Filter>
    </ClCompile>
  </ItemGroup>
  <ItemGroup>
    <ClInclude Include="Bullet.h">
      <Filter>Header Files\GameSource\Bullet</Filter>
    </ClInclude>
    <ClInclude Include="define.h">
      <Filter>Header Files\Framework</Filter>
    </ClInclude>
    <ClInclude Include="Animations.h">
      <Filter>Header Files\Framework\Render</Filter>
    </ClInclude>
    <ClInclude Include="Camera.h">
      <Filter>Header Files\Framework</Filter>
    </ClInclude>
    <ClInclude Include="Entity.h">
      <Filter>Header Files\Framework</Filter>
    </ClInclude>
    <ClInclude Include="Game.h">
      <Filter>Header Files\Framework</Filter>
    </ClInclude>
    <ClInclude Include="debug.h">
      <Filter>Header Files\Framework</Filter>
    </ClInclude>
    <ClInclude Include="Timer.h">
      <Filter>Header Files\Framework</Filter>
    </ClInclude>
    <ClInclude Include="Textures.h">
      <Filter>Header Files\Framework\Render</Filter>
    </ClInclude>
    <ClInclude Include="Sprites.h">
      <Filter>Header Files\Framework\Render</Filter>
    </ClInclude>
    <ClInclude Include="KeyboardHandler.h">
      <Filter>Header Files\Framework</Filter>
    </ClInclude>
    <ClInclude Include="Item.h">
      <Filter>Header Files\GameSource\Item</Filter>
    </ClInclude>
    <ClInclude Include="Enemy.h">
      <Filter>Header Files\GameSource\Object\Enemy</Filter>
    </ClInclude>
    <ClInclude Include="PlayScene.h">
      <Filter>Header Files\GameSource\Scene</Filter>
    </ClInclude>
    <ClInclude Include="Scene.h">
      <Filter>Header Files\GameSource\Scene</Filter>
    </ClInclude>
    <ClInclude Include="SceneManager.h">
      <Filter>Header Files\GameSource\Scene</Filter>
    </ClInclude>
    <ClInclude Include="Player.h">
      <Filter>Header Files\GameSource\Object\Player</Filter>
    </ClInclude>
    <ClInclude Include="Brick.h">
      <Filter>Header Files\GameSource\Object\Obstacle</Filter>
    </ClInclude>
    <ClInclude Include="Gate.h">
      <Filter>Header Files\GameSource\Object\Obstacle</Filter>
    </ClInclude>
    <ClInclude Include="TileMap.h">
      <Filter>Header Files\Framework\Render</Filter>
    </ClInclude>
    <ClInclude Include="PowerUp.h">
      <Filter>Header Files\Bin</Filter>
    </ClInclude>
    <ClInclude Include="Gunner.h">
      <Filter>Header Files\Bin</Filter>
    </ClInclude>
    <ClInclude Include="Golem.h">
      <Filter>Header Files\Bin</Filter>
    </ClInclude>
    <ClInclude Include="Domes.h">
      <Filter>Header Files\Bin</Filter>
    </ClInclude>
    <ClInclude Include="Centipede.h">
      <Filter>Header Files\Bin</Filter>
    </ClInclude>
    <ClInclude Include="GunUp.h">
      <Filter>Header Files\Bin</Filter>
    </ClInclude>
    <ClInclude Include="HealthBar.h">
      <Filter>Header Files\Bin</Filter>
    </ClInclude>
    <ClInclude Include="ElectricBullet.h">
      <Filter>Header Files\Bin</Filter>
    </ClInclude>
    <ClInclude Include="CBrick.h">
      <Filter>Header Files\GameSource\Object\Obstacle</Filter>
    </ClInclude>
    <ClInclude Include="Coin.h">
      <Filter>Header Files\GameSource\Object\Obstacle</Filter>
    </ClInclude>
    <ClInclude Include="Koopa.h">
      <Filter>Header Files\GameSource\Object\Enemy</Filter>
    </ClInclude>
    <ClInclude Include="Goomba.h">
      <Filter>Header Files\GameSource\Object\Enemy</Filter>
    </ClInclude>
    <ClInclude Include="Mushroom.h">
      <Filter>Header Files\GameSource\Item</Filter>
    </ClInclude>
    <ClInclude Include="Leaf.h">
      <Filter>Header Files\GameSource\Item</Filter>
    </ClInclude>
    <ClInclude Include="Venus.h">
      <Filter>Header Files\GameSource\Object\Enemy</Filter>
    </ClInclude>
    <ClInclude Include="MarioBullet.h">
      <Filter>Header Files\GameSource\Bullet</Filter>
    </ClInclude>
    <ClInclude Include="RaccoonTail.h">
      <Filter>Header Files\GameSource\Object\Player</Filter>
    </ClInclude>
    <ClInclude Include="VenusNoFire.h">
      <Filter>Header Files\GameSource\Object\Enemy</Filter>
    </ClInclude>
    <ClInclude Include="VenusBullet.h">
      <Filter>Header Files\GameSource\Object\Enemy</Filter>
    </ClInclude>
    <ClInclude Include="Money.h">
      <Filter>Header Files\GameSource\Item</Filter>
    </ClInclude>
    <ClInclude Include="BrokenBrick.h">
      <Filter>Header Files\GameSource\Object\Obstacle</Filter>
    </ClInclude>
    <ClInclude Include="EffectBrick.h">
      <Filter>Header Files\GameSource\Object\Obstacle</Filter>
    </ClInclude>
    <ClInclude Include="Point.h">
      <Filter>Header Files\GameSource\Object\Obstacle</Filter>
    </ClInclude>
    <ClInclude Include="HUD.h">
      <Filter>Header Files\GameSource\HUD</Filter>
    </ClInclude>
    <ClInclude Include="BrickStand.h">
      <Filter>Header Files\GameSource\Object\Obstacle</Filter>
    </ClInclude>
    <ClInclude Include="P.h">
      <Filter>Header Files\GameSource\Item</Filter>
    </ClInclude>
    <ClInclude Include="Pipe.h">
      <Filter>Header Files\GameSource\Object\Obstacle</Filter>
    </ClInclude>
    <ClInclude Include="MushGreen.h">
      <Filter>Header Files\GameSource\Item</Filter>
    </ClInclude>
    <ClInclude Include="Cactus.h">
      <Filter>Header Files\GameSource\Scene\WorldMap</Filter>
    </ClInclude>
    <ClInclude Include="HammerBrother.h">
      <Filter>Header Files\GameSource\Scene\WorldMap</Filter>
    </ClInclude>
    <ClInclude Include="WorldScene.h">
      <Filter>Header Files\GameSource\Scene\WorldMap</Filter>
    </ClInclude>
    <ClInclude Include="WorldMapMario.h">
      <Filter>Header Files\GameSource\Scene\WorldMap</Filter>
    </ClInclude>
    <ClInclude Include="SpeechBubble.h">
      <Filter>Header Files\GameSource\Scene\WorldMap</Filter>
    </ClInclude>
    <ClInclude Include="IntroScene.h">
      <Filter>Header Files\GameSource\Scene</Filter>
    </ClInclude>
    <ClInclude Include="AnimationIntro.h">
      <Filter>Header Files\GameSource\Scene</Filter>
    </ClInclude>
    <ClInclude Include="EndScene.h">
      <Filter>Header Files\GameSource\Object\Obstacle</Filter>
    </ClInclude>
    <ClInclude Include="BrickMove.h">
      <Filter>Header Files\GameSource\Object\Obstacle</Filter>
    </ClInclude>
    <ClInclude Include="KoopaBullet.h">
      <Filter>Header Files\GameSource\Object\Enemy</Filter>
    </ClInclude>
    <ClInclude Include="CBrickV2.h">
      <Filter>Header Files\GameSource\Object\Obstacle</Filter>
    </ClInclude>
    <ClInclude Include="Grid.h" />
    <ClInclude Include="KoopaFly.h">
      <Filter>Header Files\GameSource\Object\Enemy</Filter>
    </ClInclude>
    <ClInclude Include="BulletKoopa.h">
      <Filter>Header Files\GameSource\Bullet</Filter>
    </ClInclude>
  </ItemGroup>
  <ItemGroup>
    <Filter Include="Header Files">
      <UniqueIdentifier>{f16bbd92-2b88-461e-9a92-23da33915f32}</UniqueIdentifier>
    </Filter>
    <Filter Include="Source Files">
      <UniqueIdentifier>{ca265dbc-00bb-430f-a7f0-c2d5aca4252e}</UniqueIdentifier>
    </Filter>
    <Filter Include="Header Files\Framework">
      <UniqueIdentifier>{45c8c1da-2bfe-438a-a92c-48d419fc782b}</UniqueIdentifier>
    </Filter>
    <Filter Include="Header Files\Framework\Render">
      <UniqueIdentifier>{15f77c12-24bb-43df-8119-a2a815587c5e}</UniqueIdentifier>
    </Filter>
    <Filter Include="Header Files\Bin">
      <UniqueIdentifier>{7721ae94-0cc7-45f3-bcf2-f7eda4d5de26}</UniqueIdentifier>
    </Filter>
    <Filter Include="Header Files\GameSource">
      <UniqueIdentifier>{2f818ef6-afd7-4f50-9ee2-056e05480bcd}</UniqueIdentifier>
    </Filter>
    <Filter Include="Header Files\GameSource\Item">
      <UniqueIdentifier>{3c924ced-d5bb-4e2a-9c0b-45869c0060e7}</UniqueIdentifier>
    </Filter>
    <Filter Include="Header Files\GameSource\HUD">
      <UniqueIdentifier>{99a60d1f-1ec7-4d5f-bc0d-ea7423250fe3}</UniqueIdentifier>
    </Filter>
    <Filter Include="Header Files\GameSource\Object">
      <UniqueIdentifier>{10c4220a-c9a2-431a-840a-31c5b5df7469}</UniqueIdentifier>
    </Filter>
    <Filter Include="Header Files\GameSource\Object\Enemy">
      <UniqueIdentifier>{ddabff90-9098-4069-9ff2-1d86898f84f5}</UniqueIdentifier>
    </Filter>
    <Filter Include="Header Files\GameSource\Object\Player">
      <UniqueIdentifier>{e492c037-5c49-4a56-9369-e21b01c2b546}</UniqueIdentifier>
    </Filter>
    <Filter Include="Header Files\GameSource\Object\Obstacle">
      <UniqueIdentifier>{65c26205-a79e-4e0f-a889-81d257288753}</UniqueIdentifier>
    </Filter>
    <Filter Include="Header Files\GameSource\Scene">
      <UniqueIdentifier>{29dec266-4c6b-4a2b-9a82-56e39b6f987e}</UniqueIdentifier>
    </Filter>
    <Filter Include="Header Files\GameSource\Bullet">
      <UniqueIdentifier>{23b014fd-027b-467b-a69f-5e43b24107a5}</UniqueIdentifier>
    </Filter>
    <Filter Include="Header Files\GameSource\Scene\WorldMap">
      <UniqueIdentifier>{1e35af6f-3445-4d5e-ad4b-fcfd037cb41c}</UniqueIdentifier>
    </Filter>
  </ItemGroup>
</Project>